
Microsoft Visual Studio Solution File, Format Version 12.00
# Visual Studio Version 16
VisualStudioVersion = 16.0.30413.136
MinimumVisualStudioVersion = 10.0.40219.1
Project("{FAE04EC0-301F-11D3-BF4B-00C04F79EFBC}") = "Basics", "Basics\Basics.csproj", "{BE458265-4073-4D9B-8403-8773AF252900}"
EndProject
Global
	GlobalSection(SolutionConfigurationPlatforms) = preSolution
		Debug|Any CPU = Debug|Any CPU
		Release|Any CPU = Release|Any CPU
	EndGlobalSection
	GlobalSection(ProjectConfigurationPlatforms) = postSolution
		{BE458265-4073-4D9B-8403-8773AF252900}.Debug|Any CPU.ActiveCfg = Debug|Any CPU
		{BE458265-4073-4D9B-8403-8773AF252900}.Debug|Any CPU.Build.0 = Debug|Any CPU
		{BE458265-4073-4D9B-8403-8773AF252900}.Release|Any CPU.ActiveCfg = Release|Any CPU
		{BE458265-4073-4D9B-8403-8773AF252900}.Release|Any CPU.Build.0 = Release|Any CPU
	EndGlobalSection
	GlobalSection(SolutionProperties) = preSolution
		HideSolutionNode = FALSE
	EndGlobalSection
	GlobalSection(ExtensibilityGlobals) = postSolution
		SolutionGuid = {2C86C77E-0AAE-4E41-91C7-4D106F147983}
	EndGlobalSection
EndGlobal
